
Microsoft Visual Studio Solution File, Format Version 12.00
# Visual Studio Version 16
VisualStudioVersion = 16.0.31005.135
MinimumVisualStudioVersion = 10.0.40219.1
Project("{2150E333-8FDC-42A3-9474-1A3956D46DE8}") = "src", "src", "{2D71FC92-0E8E-47AC-AFA2-84448462222C}"
EndProject
Project("{9A19103F-16F7-4668-BE54-9A1E7A4F7556}") = "B.BlazorPro.Linkify", "src\B.BlazorPro.Linkify\B.BlazorPro.Linkify.csproj", "{60F90B0B-AE85-43D9-B686-03E6AE25F846}"
EndProject
Project("{2150E333-8FDC-42A3-9474-1A3956D46DE8}") = "samples", "samples", "{D534989B-F5DB-4D81-8951-B47E5AA87A25}"
EndProject
Project("{9A19103F-16F7-4668-BE54-9A1E7A4F7556}") = "Blazor.SSB", "samples\Blazor.SSB\Blazor.SSB.csproj", "{2A6D030D-D729-499E-897E-E59999EBA11A}"
EndProject
Project("{2150E333-8FDC-42A3-9474-1A3956D46DE8}") = "tests", "tests", "{62929614-433E-4D59-BC59-3D1E3190B8E7}"
EndProject
Project("{FAE04EC0-301F-11D3-BF4B-00C04F79EFBC}") = "B.BlazorPro.Linkify.Test", "tests\B.BlazorPro.Linkify.Test\B.BlazorPro.Linkify.Test.csproj", "{2B07806D-420D-4B85-A19F-CD0D64733F4B}"
EndProject
Project("{9A19103F-16F7-4668-BE54-9A1E7A4F7556}") = "Blazor.CSB", "samples\Blazor.CSB\Blazor.CSB.csproj", "{B4460FF6-9BDF-4824-8C85-F758810440AB}"
EndProject
Global
	GlobalSection(SolutionConfigurationPlatforms) = preSolution
		Debug|Any CPU = Debug|Any CPU
		Release|Any CPU = Release|Any CPU
	EndGlobalSection
	GlobalSection(ProjectConfigurationPlatforms) = postSolution
		{60F90B0B-AE85-43D9-B686-03E6AE25F846}.Debug|Any CPU.ActiveCfg = Debug|Any CPU
		{60F90B0B-AE85-43D9-B686-03E6AE25F846}.Debug|Any CPU.Build.0 = Debug|Any CPU
		{60F90B0B-AE85-43D9-B686-03E6AE25F846}.Release|Any CPU.ActiveCfg = Release|Any CPU
		{60F90B0B-AE85-43D9-B686-03E6AE25F846}.Release|Any CPU.Build.0 = Release|Any CPU
		{2A6D030D-D729-499E-897E-E59999EBA11A}.Debug|Any CPU.ActiveCfg = Debug|Any CPU
		{2A6D030D-D729-499E-897E-E59999EBA11A}.Debug|Any CPU.Build.0 = Debug|Any CPU
		{2A6D030D-D729-499E-897E-E59999EBA11A}.Release|Any CPU.ActiveCfg = Release|Any CPU
		{2A6D030D-D729-499E-897E-E59999EBA11A}.Release|Any CPU.Build.0 = Release|Any CPU
		{2B07806D-420D-4B85-A19F-CD0D64733F4B}.Debug|Any CPU.ActiveCfg = Debug|Any CPU
		{2B07806D-420D-4B85-A19F-CD0D64733F4B}.Debug|Any CPU.Build.0 = Debug|Any CPU
		{2B07806D-420D-4B85-A19F-CD0D64733F4B}.Release|Any CPU.ActiveCfg = Release|Any CPU
		{2B07806D-420D-4B85-A19F-CD0D64733F4B}.Release|Any CPU.Build.0 = Release|Any CPU
		{B4460FF6-9BDF-4824-8C85-F758810440AB}.Debug|Any CPU.ActiveCfg = Debug|Any CPU
		{B4460FF6-9BDF-4824-8C85-F758810440AB}.Debug|Any CPU.Build.0 = Debug|Any CPU
		{B4460FF6-9BDF-4824-8C85-F758810440AB}.Release|Any CPU.ActiveCfg = Release|Any CPU
		{B4460FF6-9BDF-4824-8C85-F758810440AB}.Release|Any CPU.Build.0 = Release|Any CPU
	EndGlobalSection
	GlobalSection(SolutionProperties) = preSolution
		HideSolutionNode = FALSE
	EndGlobalSection
	GlobalSection(NestedProjects) = preSolution
		{60F90B0B-AE85-43D9-B686-03E6AE25F846} = {2D71FC92-0E8E-47AC-AFA2-84448462222C}
		{2A6D030D-D729-499E-897E-E59999EBA11A} = {D534989B-F5DB-4D81-8951-B47E5AA87A25}
		{2B07806D-420D-4B85-A19F-CD0D64733F4B} = {62929614-433E-4D59-BC59-3D1E3190B8E7}
		{B4460FF6-9BDF-4824-8C85-F758810440AB} = {D534989B-F5DB-4D81-8951-B47E5AA87A25}
	EndGlobalSection
	GlobalSection(ExtensibilityGlobals) = postSolution
		SolutionGuid = {A5D611BF-6437-4BBF-A49D-8872D2E508C8}
	EndGlobalSection
EndGlobal
